<?xml version="1.0" encoding="utf-8"?>
<Project ToolsVersion="4.0" xmlns="http://schemas.microsoft.com/developer/msbuild/2003">
  <ItemGroup>
    <Filter Include="Source Files">
      <UniqueIdentifier>{4FC737F1-C7A5-4376-A066-2A32D752A2FF}</UniqueIdentifier>
      <Extensions>cpp;c;cc;cxx;c++;cppm;ixx;def;odl;idl;hpj;bat;asm;asmx</Extensions>
    </Filter>
    <Filter Include="Header Files">
      <UniqueIdentifier>{93995380-89BD-4b04-88EB-625FBE52EBFB}</UniqueIdentifier>
      <Extensions>h;hh;hpp;hxx;h++;hm;inl;inc;ipp;xsd</Extensions>
    </Filter>
    <Filter Include="Resource Files">
      <UniqueIdentifier>{67DA6AB6-F800-4c08-8B7A-83BB121AAD01}</UniqueIdentifier>
      <Extensions>rc;ico;cur;bmp;dlg;rc2;rct;bin;rgs;gif;jpg;jpeg;jpe;resx;tiff;tif;png;wav;mfcribbon-ms</Extensions>
    </Filter>
    <Filter Include="Imgui">
      <UniqueIdentifier>{7d2a7155-43de-4714-8b2d-c57882ce9ace}</UniqueIdentifier>
    </Filter>
  </ItemGroup>
  <ItemGroup>
    <ClCompile Include="..\Source\Main.cpp">
      <Filter>Source Files</Filter>
    </ClCompile>
    <ClCompile Include="..\Shader\Shader.cpp">
      <Filter>Source Files</Filter>
    </ClCompile>
    <ClCompile Include="..\Source\Mesh.cpp">
      <Filter>Source Files</Filter>
    </ClCompile>
    <ClCompile Include="..\Source\stb_image.cpp">
      <Filter>Source Files</Filter>
    </ClCompile>
    <ClCompile Include="..\Source\Model.cpp">
      <Filter>Source Files</Filter>
    </ClCompile>
    <ClCompile Include="..\Source\Camera.cpp">
      <Filter>Source Files</Filter>
    </ClCompile>
    <ClCompile Include="..\Imgui\imgui.cpp">
      <Filter>Imgui</Filter>
    </ClCompile>
    <ClCompile Include="..\Imgui\imgui_demo.cpp">
      <Filter>Imgui</Filter>
    </ClCompile>
    <ClCompile Include="..\Imgui\imgui_draw.cpp">
      <Filter>Imgui</Filter>
    </ClCompile>
    <ClCompile Include="..\Imgui\imgui_impl_glfw.cpp">
      <Filter>Imgui</Filter>
    </ClCompile>
    <ClCompile Include="..\Imgui\imgui_impl_opengl3.cpp">
      <Filter>Imgui</Filter>
    </ClCompile>
    <ClCompile Include="..\Imgui\imgui_tables.cpp">
      <Filter>Imgui</Filter>
    </ClCompile>
    <ClCompile Include="..\Imgui\imgui_widgets.cpp">
      <Filter>Imgui</Filter>
    </ClCompile>
    <ClCompile Include="..\Source\GFRender.cpp">
      <Filter>Source Files</Filter>
    </ClCompile>
    <ClCompile Include="..\Source\Light.cpp">
      <Filter>Source Files</Filter>
    </ClCompile>
    <ClCompile Include="..\Source\Material.cpp">
      <Filter>Source Files</Filter>
    </ClCompile>
    <ClCompile Include="..\Source\SkyBox.cpp">
      <Filter>Source Files</Filter>
    </ClCompile>
    <ClCompile Include="..\Source\PbrMaterial.cpp">
      <Filter>Source Files</Filter>
    </ClCompile>
  </ItemGroup>
  <ItemGroup>
    <ClInclude Include="..\Header\Mesh.h">
      <Filter>Header Files</Filter>
    </ClInclude>
    <ClInclude Include="..\Header\Shader.h">
      <Filter>Header Files</Filter>
    </ClInclude>
    <ClInclude Include="..\Header\stb_image.h">
      <Filter>Header Files</Filter>
    </ClInclude>
    <ClInclude Include="..\Header\Model.h">
      <Filter>Header Files</Filter>
    </ClInclude>
    <ClInclude Include="..\Header\Camera.h">
      <Filter>Header Files</Filter>
    </ClInclude>
    <ClInclude Include="..\Imgui\imconfig.h">
      <Filter>Imgui</Filter>
    </ClInclude>
    <ClInclude Include="..\Imgui\imgui.h">
      <Filter>Imgui</Filter>
    </ClInclude>
    <ClInclude Include="..\Imgui\imgui_impl_glfw.h">
      <Filter>Imgui</Filter>
    </ClInclude>
    <ClInclude Include="..\Imgui\imgui_impl_opengl3.h">
      <Filter>Imgui</Filter>
    </ClInclude>
    <ClInclude Include="..\Imgui\imgui_impl_opengl3_loader.h">
      <Filter>Imgui</Filter>
    </ClInclude>
    <ClInclude Include="..\Imgui\imgui_internal.h">
      <Filter>Imgui</Filter>
    </ClInclude>
    <ClInclude Include="..\Imgui\imstb_rectpack.h">
      <Filter>Imgui</Filter>
    </ClInclude>
    <ClInclude Include="..\Imgui\imstb_textedit.h">
      <Filter>Imgui</Filter>
    </ClInclude>
    <ClInclude Include="..\Imgui\imstb_truetype.h">
      <Filter>Imgui</Filter>
    </ClInclude>
    <ClInclude Include="..\Header\Global.h">
      <Filter>Header Files</Filter>
    </ClInclude>
    <ClInclude Include="..\Header\GFRender.h">
      <Filter>Header Files</Filter>
    </ClInclude>
    <ClInclude Include="..\Header\Light.h">
      <Filter>Header Files</Filter>
    </ClInclude>
    <ClInclude Include="..\Header\Material.h">
      <Filter>Header Files</Filter>
    </ClInclude>
    <ClInclude Include="..\Header\SkyBox.h">
      <Filter>Header Files</Filter>
    </ClInclude>
    <ClInclude Include="..\Header\PbrMaterial.h">
      <Filter>Header Files</Filter>
    </ClInclude>
  </ItemGroup>
  <ItemGroup>
    <None Include="..\Shader\shadow_mapping.vert">
      <Filter>Resource Files</Filter>
    </None>
    <None Include="..\Shader\shadow_mapping.frag">
      <Filter>Resource Files</Filter>
    </None>
    <None Include="..\Shader\shadow_mapping_depth.vert">
      <Filter>Resource Files</Filter>
    </None>
    <None Include="..\Shader\shadow_mapping_depth.frag">
      <Filter>Resource Files</Filter>
    </None>
    <None Include="..\Shader\debug_quad.vert">
      <Filter>Resource Files</Filter>
    </None>
    <None Include="..\Shader\debug_quad.frag">
      <Filter>Resource Files</Filter>
    </None>
    <None Include="..\Shader\white_shader.vert">
      <Filter>Resource Files</Filter>
    </None>
    <None Include="..\Shader\white_shader.frag">
      <Filter>Resource Files</Filter>
    </None>
    <None Include="..\Shader\phong.vert">
      <Filter>Resource Files</Filter>
    </None>
    <None Include="..\Shader\phong.frag">
      <Filter>Resource Files</Filter>
    </None>
    <None Include="..\Shader\custom_shader.vert">
      <Filter>Resource Files</Filter>
    </None>
    <None Include="..\Shader\custom_shader.frag">
      <Filter>Resource Files</Filter>
    </None>
    <None Include="..\Shader\standard_shader.vert">
      <Filter>Resource Files</Filter>
    </None>
    <None Include="..\Shader\standard_shader.frag">
      <Filter>Resource Files</Filter>
    </None>
    <None Include="..\Shader\sky_box.vert">
      <Filter>Resource Files</Filter>
    </None>
    <None Include="..\Shader\sky_box.frag">
      <Filter>Resource Files</Filter>
    </None>
    <None Include="..\Shader\pbr_shader.vert">
      <Filter>Resource Files</Filter>
    </None>
    <None Include="..\Shader\pbr_shader.frag">
      <Filter>Resource Files</Filter>
    </None>
  </ItemGroup>
</Project>